
Microsoft Visual Studio Solution File, Format Version 12.00
# Visual Studio Version 17
VisualStudioVersion = 17.5.002.0
MinimumVisualStudioVersion = 10.0.40219.1
Project("{9A19103F-16F7-4668-BE54-9A1E7A4F7556}") = "api", "api\api.csproj", "{BFA6C70C-8074-4D56-A14E-571056F8F93F}"
EndProject
Global
	GlobalSection(SolutionConfigurationPlatforms) = preSolution
		Debug|Any CPU = Debug|Any CPU
		Release|Any CPU = Release|Any CPU
	EndGlobalSection
	GlobalSection(ProjectConfigurationPlatforms) = postSolution
		{BFA6C70C-8074-4D56-A14E-571056F8F93F}.Debug|Any CPU.ActiveCfg = Debug|Any CPU
		{BFA6C70C-8074-4D56-A14E-571056F8F93F}.Debug|Any CPU.Build.0 = Debug|Any CPU
		{BFA6C70C-8074-4D56-A14E-571056F8F93F}.Release|Any CPU.ActiveCfg = Release|Any CPU
		{BFA6C70C-8074-4D56-A14E-571056F8F93F}.Release|Any CPU.Build.0 = Release|Any CPU
	EndGlobalSection
	GlobalSection(SolutionProperties) = preSolution
		HideSolutionNode = FALSE
	EndGlobalSection
	GlobalSection(ExtensibilityGlobals) = postSolution
		SolutionGuid = {A28F12E0-FC61-4F51-81CB-AA3CA99C61CC}
	EndGlobalSection
EndGlobal
